
Microsoft Visual Studio Solution File, Format Version 12.00
# Visual Studio Version 17
VisualStudioVersion = 17.0.32126.317
MinimumVisualStudioVersion = 10.0.40219.1
Project("{FAE04EC0-301F-11D3-BF4B-00C04F79EFBC}") = "sneha", "sneha.csproj", "{960A1FC1-1732-4C00-A4B7-8CFCF780253C}"
EndProject
Global
	GlobalSection(SolutionConfigurationPlatforms) = preSolution
		Debug|Any CPU = Debug|Any CPU
		Release|Any CPU = Release|Any CPU
	EndGlobalSection
	GlobalSection(ProjectConfigurationPlatforms) = postSolution
		{960A1FC1-1732-4C00-A4B7-8CFCF780253C}.Debug|Any CPU.ActiveCfg = Debug|Any CPU
		{960A1FC1-1732-4C00-A4B7-8CFCF780253C}.Debug|Any CPU.Build.0 = Debug|Any CPU
		{960A1FC1-1732-4C00-A4B7-8CFCF780253C}.Release|Any CPU.ActiveCfg = Release|Any CPU
		{960A1FC1-1732-4C00-A4B7-8CFCF780253C}.Release|Any CPU.Build.0 = Release|Any CPU
	EndGlobalSection
	GlobalSection(SolutionProperties) = preSolution
		HideSolutionNode = FALSE
	EndGlobalSection
	GlobalSection(ExtensibilityGlobals) = postSolution
		SolutionGuid = {654CE458-E8C2-4010-9DD3-4BD05E18E067}
	EndGlobalSection
EndGlobal
